<?xml version="1.0" encoding="utf-8"?>
<Project ToolsVersion="4.0" xmlns="http://schemas.microsoft.com/developer/msbuild/2003">
  <ItemGroup>
    <Filter Include="Source Files">
      <UniqueIdentifier>{907f6579-7d60-4850-8eed-a746158cbb02}</UniqueIdentifier>
      <Extensions>cpp;c;cxx;rc;def;r;odl;idl;hpj;bat</Extensions>
    </Filter>
    <Filter Include="Header Files">
      <UniqueIdentifier>{9f3b1738-0eb4-43bf-9916-b1b289181b01}</UniqueIdentifier>
      <Extensions>h;hpp;hxx;hm;inl</Extensions>
    </Filter>
    <Filter Include="Resource Files">
      <UniqueIdentifier>{90cb712f-60f5-4aa5-9475-275252943ba6}</UniqueIdentifier>
      <Extensions>ico;cur;bmp;dlg;rc2;rct;bin;rgs;gif;jpg;jpeg;jpe</Extensions>
    </Filter>
  </ItemGroup>
  <ItemGroup>
    <ClCompile Include="ChildFrm.cpp">
      <Filter>Source Files</Filter>
    </ClCompile>
    <ClCompile Include="MainFrm.cpp">
      <Filter>Source Files</Filter>
    </ClCompile>
    <ClCompile Include="MDIPaneSplitterWnd.cpp">
      <Filter>Source Files</Filter>
    </ClCompile>
    <ClCompile Include="PaneDialogView.cpp">
      <Filter>Source Files</Filter>
    </ClCompile>
    <ClCompile Include="PaneEditView.cpp">
      <Filter>Source Files</Filter>
    </ClCompile>
    <ClCompile Include="PaneFormView.cpp">
      <Filter>Source Files</Filter>
    </ClCompile>
    <ClCompile Include="PaneFrame.cpp">
      <Filter>Source Files</Filter>
    </ClCompile>
    <ClCompile Include="StdAfx.cpp">
      <Filter>Source Files</Filter>
    </ClCompile>
    <ClCompile Include="SplashWindow.cpp">
      <Filter>Source Files</Filter>
    </ClCompile>
    <ClCompile Include="paneFileManager.cpp">
      <Filter>Source Files</Filter>
    </ClCompile>
    <ClCompile Include="ProjectListCtrl.cpp">
      <Filter>Source Files</Filter>
    </ClCompile>
    <ClCompile Include="ProjFilesArray.cpp">
      <Filter>Source Files</Filter>
    </ClCompile>
    <ClCompile Include="MFCShellTreeCtrlEx.cpp">
      <Filter>Source Files</Filter>
    </ClCompile>
    <ClCompile Include="MFCShellListCtrlEx.cpp">
      <Filter>Source Files</Filter>
    </ClCompile>
    <ClCompile Include="SelRootFolderDlg.cpp">
      <Filter>Source Files</Filter>
    </ClCompile>
    <ClCompile Include="MFCShellUtils.cpp">
      <Filter>Source Files</Filter>
    </ClCompile>
    <ClCompile Include="FileAttributesDlg.cpp">
      <Filter>Source Files</Filter>
    </ClCompile>
    <ClCompile Include="FileOperateDlg.cpp">
      <Filter>Source Files</Filter>
    </ClCompile>
    <ClCompile Include="FileRenameDlg.cpp">
      <Filter>Source Files</Filter>
    </ClCompile>
    <ClCompile Include="DirectoryOperationDlg.cpp">
      <Filter>Source Files</Filter>
    </ClCompile>
    <ClCompile Include="PanelListbox.cpp">
      <Filter>Source Files</Filter>
    </ClCompile>
    <ClCompile Include="NewDirDlg.cpp">
      <Filter>Source Files</Filter>
    </ClCompile>
    <ClCompile Include="ChangeDir.cpp">
      <Filter>Source Files</Filter>
    </ClCompile>
    <ClCompile Include="DirectoryOperate.cpp">
      <Filter>Source Files</Filter>
    </ClCompile>
    <ClCompile Include="WindowMania.cpp">
      <Filter>Source Files</Filter>
    </ClCompile>
    <ClCompile Include="WindowManiaDoc.cpp">
      <Filter>Source Files</Filter>
    </ClCompile>
    <ClCompile Include="WindowManiaView.cpp">
      <Filter>Source Files</Filter>
    </ClCompile>
    <ClCompile Include="FileOperate.cpp">
      <Filter>Source Files</Filter>
    </ClCompile>
  </ItemGroup>
  <ItemGroup>
    <ClInclude Include="ChildFrm.h">
      <Filter>Header Files</Filter>
    </ClInclude>
    <ClInclude Include="MainFrm.h">
      <Filter>Header Files</Filter>
    </ClInclude>
    <ClInclude Include="MDIPaneSplitterWnd.h">
      <Filter>Header Files</Filter>
    </ClInclude>
    <ClInclude Include="PaneDialogView.h">
      <Filter>Header Files</Filter>
    </ClInclude>
    <ClInclude Include="PaneEditView.h">
      <Filter>Header Files</Filter>
    </ClInclude>
    <ClInclude Include="PaneFormView.h">
      <Filter>Header Files</Filter>
    </ClInclude>
    <ClInclude Include="PaneFrame.h">
      <Filter>Header Files</Filter>
    </ClInclude>
    <ClInclude Include="Resource.h">
      <Filter>Header Files</Filter>
    </ClInclude>
    <ClInclude Include="StdAfx.h">
      <Filter>Header Files</Filter>
    </ClInclude>
    <ClInclude Include="SplashWindow.h">
      <Filter>Header Files</Filter>
    </ClInclude>
    <ClInclude Include="paneFileManager.h">
      <Filter>Header Files</Filter>
    </ClInclude>
    <ClInclude Include="ProjectListCtrl.h">
      <Filter>Header Files</Filter>
    </ClInclude>
    <ClInclude Include="ProjFilesArray.h">
      <Filter>Header Files</Filter>
    </ClInclude>
    <ClInclude Include="MFCShellTreeCtrlEx.h">
      <Filter>Header Files</Filter>
    </ClInclude>
    <ClInclude Include="MFCShellListCtrlEx.h">
      <Filter>Header Files</Filter>
    </ClInclude>
    <ClInclude Include="SelRootFolderDlg.h">
      <Filter>Header Files</Filter>
    </ClInclude>
    <ClInclude Include="targetver.h">
      <Filter>Header Files</Filter>
    </ClInclude>
    <ClInclude Include="MFCShellUtils.h">
      <Filter>Header Files</Filter>
    </ClInclude>
    <ClInclude Include="FileAttributesDlg.h">
      <Filter>Header Files</Filter>
    </ClInclude>
    <ClInclude Include="FileOperateDlg.h">
      <Filter>Header Files</Filter>
    </ClInclude>
    <ClInclude Include="FileRenameDlg.h">
      <Filter>Header Files</Filter>
    </ClInclude>
    <ClInclude Include="DirectoryOperationDlg.h">
      <Filter>Header Files</Filter>
    </ClInclude>
    <ClInclude Include="PanelListbox.h">
      <Filter>Header Files</Filter>
    </ClInclude>
    <ClInclude Include="NewDirDlg.h">
      <Filter>Header Files</Filter>
    </ClInclude>
    <ClInclude Include="ChangeDir.h">
      <Filter>Header Files</Filter>
    </ClInclude>
    <ClInclude Include="DirectoryOperate.h">
      <Filter>Header Files</Filter>
    </ClInclude>
    <ClInclude Include="WindowMania.h">
      <Filter>Header Files</Filter>
    </ClInclude>
    <ClInclude Include="WindowManiaDoc.h">
      <Filter>Header Files</Filter>
    </ClInclude>
    <ClInclude Include="WindowManiaView.h">
      <Filter>Header Files</Filter>
    </ClInclude>
    <ClInclude Include="FileOperate.h">
      <Filter>Header Files</Filter>
    </ClInclude>
  </ItemGroup>
  <ItemGroup>
    <Image Include="res\SDISplitClientPane.ico">
      <Filter>Resource Files</Filter>
    </Image>
    <Image Include="res\SDISplitClientPaneDoc.ico">
      <Filter>Resource Files</Filter>
    </Image>
    <Image Include="res\Toolbar.bmp">
      <Filter>Resource Files</Filter>
    </Image>
    <Image Include="res\Splash.bmp">
      <Filter>Resource Files</Filter>
    </Image>
    <Image Include="res\icon1.ico">
      <Filter>Resource Files</Filter>
    </Image>
    <Image Include="res\OperatingSystem.ico">
      <Filter>Resource Files</Filter>
    </Image>
    <Image Include="res\OperatingSystemDoc.ico">
      <Filter>Resource Files</Filter>
    </Image>
    <Image Include="res\browse.ico">
      <Filter>Resource Files</Filter>
    </Image>
    <Image Include="res\ico00001.ico">
      <Filter>Resource Files</Filter>
    </Image>
    <Image Include="res\icon_fol.ico">
      <Filter>Resource Files</Filter>
    </Image>
    <Image Include="res\afterglow.bmp">
      <Filter>Resource Files</Filter>
    </Image>
  </ItemGroup>
  <ItemGroup>
    <None Include="res\SDISplitClientPane.rc2">
      <Filter>Resource Files</Filter>
    </None>
  </ItemGroup>
  <ItemGroup>
    <ResourceCompile Include="SDISplitClientPane.rc">
      <Filter>Source Files</Filter>
    </ResourceCompile>
  </ItemGroup>
</Project>