
Microsoft Visual Studio Solution File, Format Version 12.00
# Visual Studio 14
VisualStudioVersion = 14.0.25420.1
MinimumVisualStudioVersion = 10.0.40219.1
Project("{8BC9CEB8-8B4A-11D0-8D11-00A0C91BC942}") = "SDISplitClientPane", "SDISplitClientPane.vcxproj", "{AEC49856-96D3-4B9E-8237-7C6B183B6393}"
EndProject
Global
	GlobalSection(SolutionConfigurationPlatforms) = preSolution
		Debug|Win32 = Debug|Win32
		Release|Win32 = Release|Win32
	EndGlobalSection
	GlobalSection(ProjectConfigurationPlatforms) = postSolution
		{AEC49856-96D3-4B9E-8237-7C6B183B6393}.Debug|Win32.ActiveCfg = Debug|Win32
		{AEC49856-96D3-4B9E-8237-7C6B183B6393}.Debug|Win32.Build.0 = Debug|Win32
		{AEC49856-96D3-4B9E-8237-7C6B183B6393}.Release|Win32.ActiveCfg = Release|Win32
		{AEC49856-96D3-4B9E-8237-7C6B183B6393}.Release|Win32.Build.0 = Release|Win32
	EndGlobalSection
	GlobalSection(SolutionProperties) = preSolution
		HideSolutionNode = FALSE
	EndGlobalSection
EndGlobal
